
Microsoft Visual Studio Solution File, Format Version 12.00
# Visual Studio Version 16
VisualStudioVersion = 16.0.32602.291
MinimumVisualStudioVersion = 10.0.40219.1
Project("{FAE04EC0-301F-11D3-BF4B-00C04F79EFBC}") = "KimlikDogrulama", "KimlikDogrulama\KimlikDogrulama.csproj", "{AE1BBC27-7725-4D43-ADCC-078960D67EB0}"
EndProject
Global
	GlobalSection(SolutionConfigurationPlatforms) = preSolution
		Debug|Any CPU = Debug|Any CPU
		Release|Any CPU = Release|Any CPU
	EndGlobalSection
	GlobalSection(ProjectConfigurationPlatforms) = postSolution
		{AE1BBC27-7725-4D43-ADCC-078960D67EB0}.Debug|Any CPU.ActiveCfg = Debug|Any CPU
		{AE1BBC27-7725-4D43-ADCC-078960D67EB0}.Debug|Any CPU.Build.0 = Debug|Any CPU
		{AE1BBC27-7725-4D43-ADCC-078960D67EB0}.Release|Any CPU.ActiveCfg = Release|Any CPU
		{AE1BBC27-7725-4D43-ADCC-078960D67EB0}.Release|Any CPU.Build.0 = Release|Any CPU
	EndGlobalSection
	GlobalSection(SolutionProperties) = preSolution
		HideSolutionNode = FALSE
	EndGlobalSection
	GlobalSection(ExtensibilityGlobals) = postSolution
		SolutionGuid = {76BACA31-C860-4833-B17F-31FFE391105E}
	EndGlobalSection
EndGlobal
